
Microsoft Visual Studio Solution File, Format Version 12.00
# Visual Studio Version 16
VisualStudioVersion = 16.0.32602.291
MinimumVisualStudioVersion = 10.0.40219.1
Project("{FAE04EC0-301F-11D3-BF4B-00C04F79EFBC}") = "ACT_8-Banque", "ACT_8-Banque\ACT_8-Banque.csproj", "{F2DC362A-5844-4F20-B7A3-282F4C5BD873}"
EndProject
Global
	GlobalSection(SolutionConfigurationPlatforms) = preSolution
		Debug|Any CPU = Debug|Any CPU
		Release|Any CPU = Release|Any CPU
	EndGlobalSection
	GlobalSection(ProjectConfigurationPlatforms) = postSolution
		{F2DC362A-5844-4F20-B7A3-282F4C5BD873}.Debug|Any CPU.ActiveCfg = Debug|Any CPU
		{F2DC362A-5844-4F20-B7A3-282F4C5BD873}.Debug|Any CPU.Build.0 = Debug|Any CPU
		{F2DC362A-5844-4F20-B7A3-282F4C5BD873}.Release|Any CPU.ActiveCfg = Release|Any CPU
		{F2DC362A-5844-4F20-B7A3-282F4C5BD873}.Release|Any CPU.Build.0 = Release|Any CPU
	EndGlobalSection
	GlobalSection(SolutionProperties) = preSolution
		HideSolutionNode = FALSE
	EndGlobalSection
	GlobalSection(ExtensibilityGlobals) = postSolution
		SolutionGuid = {73902106-D3C2-4211-ADBA-E20D64554B46}
	EndGlobalSection
EndGlobal
